// !$*UTF8*$!
{
	archiveVersion = 1;
	classes = {
	};
	objectVersion = 56;
	objects = {

/* Begin PBXBuildFile section */
		1E6F70E22B72C83E001A0630 /* SeniorProjectTestApp.swift in Sources */ = {isa = PBXBuildFile; fileRef = 1E6F70E12B72C83E001A0630 /* SeniorProjectTestApp.swift */; };
		1E6F70E42B72C83E001A0630 /* ContentView.swift in Sources */ = {isa = PBXBuildFile; fileRef = 1E6F70E32B72C83E001A0630 /* ContentView.swift */; };
		1E6F70E62B72C846001A0630 /* Assets.xcassets in Resources */ = {isa = PBXBuildFile; fileRef = 1E6F70E52B72C846001A0630 /* Assets.xcassets */; };
		1E6F70E92B72C846001A0630 /* Preview Assets.xcassets in Resources */ = {isa = PBXBuildFile; fileRef = 1E6F70E82B72C846001A0630 /* Preview Assets.xcassets */; };
		1E6F70F32B72C847001A0630 /* SeniorProjectTestTests.swift in Sources */ = {isa = PBXBuildFile; fileRef = 1E6F70F22B72C847001A0630 /* SeniorProjectTestTests.swift */; };
		1E6F70FD2B72C847001A0630 /* SeniorProjectTestUITests.swift in Sources */ = {isa = PBXBuildFile; fileRef = 1E6F70FC2B72C847001A0630 /* SeniorProjectTestUITests.swift */; };
		1E6F70FF2B72C847001A0630 /* SeniorProjectTestUITestsLaunchTests.swift in Sources */ = {isa = PBXBuildFile; fileRef = 1E6F70FE2B72C847001A0630 /* SeniorProjectTestUITestsLaunchTests.swift */; };
		1E868A692B8812090064C139 /* SQLite in Frameworks */ = {isa = PBXBuildFile; productRef = 1E868A682B8812090064C139 /* SQLite */; };
		1E868A6D2B8A539F0064C139 /* SQL_DB_Test.swift in Sources */ = {isa = PBXBuildFile; fileRef = 1E868A6C2B8A539F0064C139 /* SQL_DB_Test.swift */; };
		1E868A712B8A7C1E0064C139 /* mydatabase.sql in Resources */ = {isa = PBXBuildFile; fileRef = 1E868A702B8A7C1E0064C139 /* mydatabase.sql */; };
		1E868A732B8A7E8C0064C139 /* mydatabase.db in Resources */ = {isa = PBXBuildFile; fileRef = 1E868A722B8A7E8C0064C139 /* mydatabase.db */; };
		1E868AB62B8A8F9B0064C139 /* HomeScreen.swift in Sources */ = {isa = PBXBuildFile; fileRef = 1E868AB52B8A8F9B0064C139 /* HomeScreen.swift */; };
		1E868AB82B8A93840064C139 /* SignInScreen.swift in Sources */ = {isa = PBXBuildFile; fileRef = 1E868AB72B8A93840064C139 /* SignInScreen.swift */; };
		1E8B6B922BCB492200475DA1 /* User.swift in Sources */ = {isa = PBXBuildFile; fileRef = 1E8B6B912BCB492200475DA1 /* User.swift */; };
		1E8CDA0E2BAF516D00938929 /* Burgers.swift in Sources */ = {isa = PBXBuildFile; fileRef = 1E8CDA0D2BAF516D00938929 /* Burgers.swift */; };
		1E8CDA112BAF53BF00938929 /* SideMenu in Frameworks */ = {isa = PBXBuildFile; productRef = 1E8CDA102BAF53BF00938929 /* SideMenu */; };
		1E8CDA172BAF5E8200938929 /* MenuRow.swift in Sources */ = {isa = PBXBuildFile; fileRef = 1E8CDA162BAF5E8200938929 /* MenuRow.swift */; };
		1E97B3FA2BC21BC00019F4D9 /* FP_Calculations.swift in Sources */ = {isa = PBXBuildFile; fileRef = 1E97B3F92BC21BC00019F4D9 /* FP_Calculations.swift */; };
		1E97B3FD2BC21C1E0019F4D9 /* PythonKit in Frameworks */ = {isa = PBXBuildFile; productRef = 1E97B3FC2BC21C1E0019F4D9 /* PythonKit */; };
		1ECCB9C82C7912EC00BC48E4 /* InfoScreenView.swift in Sources */ = {isa = PBXBuildFile; fileRef = 1ECCB9C72C7912EC00BC48E4 /* InfoScreenView.swift */; };
		1EFCAD702BAF6A6C0036794B /* Food_Item.swift in Sources */ = {isa = PBXBuildFile; fileRef = 1EFCAD6F2BAF6A6C0036794B /* Food_Item.swift */; };
		1EFCAD722BAF6EC00036794B /* InfoRow.swift in Sources */ = {isa = PBXBuildFile; fileRef = 1EFCAD712BAF6EC00036794B /* InfoRow.swift */; };
		1EFCAD742BB0757B0036794B /* PickTwo.swift in Sources */ = {isa = PBXBuildFile; fileRef = 1EFCAD732BB0757B0036794B /* PickTwo.swift */; };
		1EFCAD762BB0B8040036794B /* SideMenuScreen.swift in Sources */ = {isa = PBXBuildFile; fileRef = 1EFCAD752BB0B8040036794B /* SideMenuScreen.swift */; };
		1EFCAD782BB0BF350036794B /* SideMenuHeaderView.swift in Sources */ = {isa = PBXBuildFile; fileRef = 1EFCAD772BB0BF350036794B /* SideMenuHeaderView.swift */; };
		1EFCAD7A2BB0CFE40036794B /* SideMenuRow.swift in Sources */ = {isa = PBXBuildFile; fileRef = 1EFCAD792BB0CFE40036794B /* SideMenuRow.swift */; };
		1EFCAD7C2BB0DF630036794B /* CartCalc.swift in Sources */ = {isa = PBXBuildFile; fileRef = 1EFCAD7B2BB0DF630036794B /* CartCalc.swift */; };
		1EFCAD7E2BB0E11D0036794B /* InfoScreen.swift in Sources */ = {isa = PBXBuildFile; fileRef = 1EFCAD7D2BB0E11D0036794B /* InfoScreen.swift */; };
		1EFCAD802BB0E1D50036794B /* Dashboard.swift in Sources */ = {isa = PBXBuildFile; fileRef = 1EFCAD7F2BB0E1D50036794B /* Dashboard.swift */; };
		1EFCAD822BB0E3FA0036794B /* Settings.swift in Sources */ = {isa = PBXBuildFile; fileRef = 1EFCAD812BB0E3FA0036794B /* Settings.swift */; };
		1EFCAD842BB0F3D60036794B /* ComparisonCalc.swift in Sources */ = {isa = PBXBuildFile; fileRef = 1EFCAD832BB0F3D60036794B /* ComparisonCalc.swift */; };
/* End PBXBuildFile section */

/* Begin PBXContainerItemProxy section */
		1E6F70EF2B72C847001A0630 /* PBXContainerItemProxy */ = {
			isa = PBXContainerItemProxy;
			containerPortal = 1E6F70D62B72C83E001A0630 /* Project object */;
			proxyType = 1;
			remoteGlobalIDString = 1E6F70DD2B72C83E001A0630;
			remoteInfo = SeniorProjectTest;
		};
		1E6F70F92B72C847001A0630 /* PBXContainerItemProxy */ = {
			isa = PBXContainerItemProxy;
			containerPortal = 1E6F70D62B72C83E001A0630 /* Project object */;
			proxyType = 1;
			remoteGlobalIDString = 1E6F70DD2B72C83E001A0630;
			remoteInfo = SeniorProjectTest;
		};
/* End PBXContainerItemProxy section */

/* Begin PBXFileReference section */
		1E6F70DE2B72C83E001A0630 /* SeniorProjectTest.app */ = {isa = PBXFileReference; explicitFileType = wrapper.application; includeInIndex = 0; path = SeniorProjectTest.app; sourceTree = BUILT_PRODUCTS_DIR; };
		1E6F70E12B72C83E001A0630 /* SeniorProjectTestApp.swift */ = {isa = PBXFileReference; lastKnownFileType = sourcecode.swift; path = SeniorProjectTestApp.swift; sourceTree = "<group>"; };
		1E6F70E32B72C83E001A0630 /* ContentView.swift */ = {isa = PBXFileReference; lastKnownFileType = sourcecode.swift; path = ContentView.swift; sourceTree = "<group>"; };
		1E6F70E52B72C846001A0630 /* Assets.xcassets */ = {isa = PBXFileReference; lastKnownFileType = folder.assetcatalog; path = Assets.xcassets; sourceTree = "<group>"; };
		1E6F70E82B72C846001A0630 /* Preview Assets.xcassets */ = {isa = PBXFileReference; lastKnownFileType = folder.assetcatalog; path = "Preview Assets.xcassets"; sourceTree = "<group>"; };
		1E6F70EE2B72C847001A0630 /* SeniorProjectTestTests.xctest */ = {isa = PBXFileReference; explicitFileType = wrapper.cfbundle; includeInIndex = 0; path = SeniorProjectTestTests.xctest; sourceTree = BUILT_PRODUCTS_DIR; };
		1E6F70F22B72C847001A0630 /* SeniorProjectTestTests.swift */ = {isa = PBXFileReference; lastKnownFileType = sourcecode.swift; path = SeniorProjectTestTests.swift; sourceTree = "<group>"; };
		1E6F70F82B72C847001A0630 /* SeniorProjectTestUITests.xctest */ = {isa = PBXFileReference; explicitFileType = wrapper.cfbundle; includeInIndex = 0; path = SeniorProjectTestUITests.xctest; sourceTree = BUILT_PRODUCTS_DIR; };
		1E6F70FC2B72C847001A0630 /* SeniorProjectTestUITests.swift */ = {isa = PBXFileReference; lastKnownFileType = sourcecode.swift; path = SeniorProjectTestUITests.swift; sourceTree = "<group>"; };
		1E6F70FE2B72C847001A0630 /* SeniorProjectTestUITestsLaunchTests.swift */ = {isa = PBXFileReference; lastKnownFileType = sourcecode.swift; path = SeniorProjectTestUITestsLaunchTests.swift; sourceTree = "<group>"; };
		1E868A6C2B8A539F0064C139 /* SQL_DB_Test.swift */ = {isa = PBXFileReference; lastKnownFileType = sourcecode.swift; path = SQL_DB_Test.swift; sourceTree = "<group>"; };
		1E868A702B8A7C1E0064C139 /* mydatabase.sql */ = {isa = PBXFileReference; fileEncoding = 4; lastKnownFileType = text; path = mydatabase.sql; sourceTree = "<group>"; };
		1E868A722B8A7E8C0064C139 /* mydatabase.db */ = {isa = PBXFileReference; lastKnownFileType = file; path = mydatabase.db; sourceTree = "<group>"; };
		1E868AB52B8A8F9B0064C139 /* HomeScreen.swift */ = {isa = PBXFileReference; lastKnownFileType = sourcecode.swift; path = HomeScreen.swift; sourceTree = "<group>"; };
		1E868AB72B8A93840064C139 /* SignInScreen.swift */ = {isa = PBXFileReference; lastKnownFileType = sourcecode.swift; path = SignInScreen.swift; sourceTree = "<group>"; };
		1E8B6B912BCB492200475DA1 /* User.swift */ = {isa = PBXFileReference; lastKnownFileType = sourcecode.swift; path = User.swift; sourceTree = "<group>"; };
		1E8CDA0D2BAF516D00938929 /* Burgers.swift */ = {isa = PBXFileReference; lastKnownFileType = sourcecode.swift; path = Burgers.swift; sourceTree = "<group>"; };
		1E8CDA162BAF5E8200938929 /* MenuRow.swift */ = {isa = PBXFileReference; lastKnownFileType = sourcecode.swift; path = MenuRow.swift; sourceTree = "<group>"; };
		1E97B3F92BC21BC00019F4D9 /* FP_Calculations.swift */ = {isa = PBXFileReference; lastKnownFileType = sourcecode.swift; path = FP_Calculations.swift; sourceTree = "<group>"; };
		1EA39FB02B75880000C1790E /* SeniorProjectTest-Bridging-Header.h */ = {isa = PBXFileReference; lastKnownFileType = sourcecode.c.h; path = "SeniorProjectTest-Bridging-Header.h"; sourceTree = "<group>"; };
		1ECCB9C72C7912EC00BC48E4 /* InfoScreenView.swift */ = {isa = PBXFileReference; lastKnownFileType = sourcecode.swift; path = InfoScreenView.swift; sourceTree = "<group>"; };
		1EFCAD6F2BAF6A6C0036794B /* Food_Item.swift */ = {isa = PBXFileReference; lastKnownFileType = sourcecode.swift; path = Food_Item.swift; sourceTree = "<group>"; };
		1EFCAD712BAF6EC00036794B /* InfoRow.swift */ = {isa = PBXFileReference; lastKnownFileType = sourcecode.swift; path = InfoRow.swift; sourceTree = "<group>"; };
		1EFCAD732BB0757B0036794B /* PickTwo.swift */ = {isa = PBXFileReference; lastKnownFileType = sourcecode.swift; path = PickTwo.swift; sourceTree = "<group>"; };
		1EFCAD752BB0B8040036794B /* SideMenuScreen.swift */ = {isa = PBXFileReference; lastKnownFileType = sourcecode.swift; path = SideMenuScreen.swift; sourceTree = "<group>"; };
		1EFCAD772BB0BF350036794B /* SideMenuHeaderView.swift */ = {isa = PBXFileReference; lastKnownFileType = sourcecode.swift; path = SideMenuHeaderView.swift; sourceTree = "<group>"; };
		1EFCAD792BB0CFE40036794B /* SideMenuRow.swift */ = {isa = PBXFileReference; lastKnownFileType = sourcecode.swift; path = SideMenuRow.swift; sourceTree = "<group>"; };
		1EFCAD7B2BB0DF630036794B /* CartCalc.swift */ = {isa = PBXFileReference; lastKnownFileType = sourcecode.swift; path = CartCalc.swift; sourceTree = "<group>"; };
		1EFCAD7D2BB0E11D0036794B /* InfoScreen.swift */ = {isa = PBXFileReference; lastKnownFileType = sourcecode.swift; path = InfoScreen.swift; sourceTree = "<group>"; };
		1EFCAD7F2BB0E1D50036794B /* Dashboard.swift */ = {isa = PBXFileReference; lastKnownFileType = sourcecode.swift; path = Dashboard.swift; sourceTree = "<group>"; };
		1EFCAD812BB0E3FA0036794B /* Settings.swift */ = {isa = PBXFileReference; lastKnownFileType = sourcecode.swift; path = Settings.swift; sourceTree = "<group>"; };
		1EFCAD832BB0F3D60036794B /* ComparisonCalc.swift */ = {isa = PBXFileReference; lastKnownFileType = sourcecode.swift; path = ComparisonCalc.swift; sourceTree = "<group>"; };
/* End PBXFileReference section */

/* Begin PBXFrameworksBuildPhase section */
		1E6F70DB2B72C83E001A0630 /* Frameworks */ = {
			isa = PBXFrameworksBuildPhase;
			buildActionMask = 2147483647;
			files = (
				1E8CDA112BAF53BF00938929 /* SideMenu in Frameworks */,
				1E868A692B8812090064C139 /* SQLite in Frameworks */,
				1E97B3FD2BC21C1E0019F4D9 /* PythonKit in Frameworks */,
			);
			runOnlyForDeploymentPostprocessing = 0;
		};
		1E6F70EB2B72C847001A0630 /* Frameworks */ = {
			isa = PBXFrameworksBuildPhase;
			buildActionMask = 2147483647;
			files = (
			);
			runOnlyForDeploymentPostprocessing = 0;
		};
		1E6F70F52B72C847001A0630 /* Frameworks */ = {
			isa = PBXFrameworksBuildPhase;
			buildActionMask = 2147483647;
			files = (
			);
			runOnlyForDeploymentPostprocessing = 0;
		};
/* End PBXFrameworksBuildPhase section */

/* Begin PBXGroup section */
		1E6F70D52B72C83E001A0630 = {
			isa = PBXGroup;
			children = (
				1E97B3F92BC21BC00019F4D9 /* FP_Calculations.swift */,
				1EFCAD7D2BB0E11D0036794B /* InfoScreen.swift */,
				1EFCAD832BB0F3D60036794B /* ComparisonCalc.swift */,
				1EFCAD7B2BB0DF630036794B /* CartCalc.swift */,
				1EFCAD792BB0CFE40036794B /* SideMenuRow.swift */,
				1EFCAD772BB0BF350036794B /* SideMenuHeaderView.swift */,
				1EFCAD752BB0B8040036794B /* SideMenuScreen.swift */,
				1EFCAD712BAF6EC00036794B /* InfoRow.swift */,
				1E8CDA162BAF5E8200938929 /* MenuRow.swift */,
				1E868A6C2B8A539F0064C139 /* SQL_DB_Test.swift */,
				1E868A722B8A7E8C0064C139 /* mydatabase.db */,
				1E868A702B8A7C1E0064C139 /* mydatabase.sql */,
				1E6F70E02B72C83E001A0630 /* SeniorProjectTest */,
				1E6F70F12B72C847001A0630 /* SeniorProjectTestTests */,
				1E6F70FB2B72C847001A0630 /* SeniorProjectTestUITests */,
				1E6F70DF2B72C83E001A0630 /* Products */,
			);
			sourceTree = "<group>";
		};
		1E6F70DF2B72C83E001A0630 /* Products */ = {
			isa = PBXGroup;
			children = (
				1E6F70DE2B72C83E001A0630 /* SeniorProjectTest.app */,
				1E6F70EE2B72C847001A0630 /* SeniorProjectTestTests.xctest */,
				1E6F70F82B72C847001A0630 /* SeniorProjectTestUITests.xctest */,
			);
			name = Products;
			sourceTree = "<group>";
		};
		1E6F70E02B72C83E001A0630 /* SeniorProjectTest */ = {
			isa = PBXGroup;
			children = (
				1E6F70E12B72C83E001A0630 /* SeniorProjectTestApp.swift */,
				1E6F70E32B72C83E001A0630 /* ContentView.swift */,
				1E868AB72B8A93840064C139 /* SignInScreen.swift */,
				1E6F70E52B72C846001A0630 /* Assets.xcassets */,
				1E6F70E72B72C846001A0630 /* Preview Content */,
				1EA39FB02B75880000C1790E /* SeniorProjectTest-Bridging-Header.h */,
				1E868AB52B8A8F9B0064C139 /* HomeScreen.swift */,
				1E8CDA0D2BAF516D00938929 /* Burgers.swift */,
				1EFCAD6F2BAF6A6C0036794B /* Food_Item.swift */,
				1EFCAD732BB0757B0036794B /* PickTwo.swift */,
				1EFCAD7F2BB0E1D50036794B /* Dashboard.swift */,
				1EFCAD812BB0E3FA0036794B /* Settings.swift */,
				1E8B6B912BCB492200475DA1 /* User.swift */,
				1ECCB9C72C7912EC00BC48E4 /* InfoScreenView.swift */,
			);
			path = SeniorProjectTest;
			sourceTree = "<group>";
		};
		1E6F70E72B72C846001A0630 /* Preview Content */ = {
			isa = PBXGroup;
			children = (
				1E6F70E82B72C846001A0630 /* Preview Assets.xcassets */,
			);
			path = "Preview Content";
			sourceTree = "<group>";
		};
		1E6F70F12B72C847001A0630 /* SeniorProjectTestTests */ = {
			isa = PBXGroup;
			children = (
				1E6F70F22B72C847001A0630 /* SeniorProjectTestTests.swift */,
			);
			path = SeniorProjectTestTests;
			sourceTree = "<group>";
		};
		1E6F70FB2B72C847001A0630 /* SeniorProjectTestUITests */ = {
			isa = PBXGroup;
			children = (
				1E6F70FC2B72C847001A0630 /* SeniorProjectTestUITests.swift */,
				1E6F70FE2B72C847001A0630 /* SeniorProjectTestUITestsLaunchTests.swift */,
			);
			path = SeniorProjectTestUITests;
			sourceTree = "<group>";
		};
/* End PBXGroup section */

/* Begin PBXNativeTarget section */
		1E6F70DD2B72C83E001A0630 /* SeniorProjectTest */ = {
			isa = PBXNativeTarget;
			buildConfigurationList = 1E6F71022B72C847001A0630 /* Build configuration list for PBXNativeTarget "SeniorProjectTest" */;
			buildPhases = (
				1E6F70DA2B72C83E001A0630 /* Sources */,
				1E6F70DB2B72C83E001A0630 /* Frameworks */,
				1E6F70DC2B72C83E001A0630 /* Resources */,
			);
			buildRules = (
			);
			dependencies = (
			);
			name = SeniorProjectTest;
			packageProductDependencies = (
				1E868A682B8812090064C139 /* SQLite */,
				1E8CDA102BAF53BF00938929 /* SideMenu */,
				1E97B3FC2BC21C1E0019F4D9 /* PythonKit */,
			);
			productName = SeniorProjectTest;
			productReference = 1E6F70DE2B72C83E001A0630 /* SeniorProjectTest.app */;
			productType = "com.apple.product-type.application";
		};
		1E6F70ED2B72C847001A0630 /* SeniorProjectTestTests */ = {
			isa = PBXNativeTarget;
			buildConfigurationList = 1E6F71052B72C847001A0630 /* Build configuration list for PBXNativeTarget "SeniorProjectTestTests" */;
			buildPhases = (
				1E6F70EA2B72C847001A0630 /* Sources */,
				1E6F70EB2B72C847001A0630 /* Frameworks */,
				1E6F70EC2B72C847001A0630 /* Resources */,
			);
			buildRules = (
			);
			dependencies = (
				1E6F70F02B72C847001A0630 /* PBXTargetDependency */,
			);
			name = SeniorProjectTestTests;
			productName = SeniorProjectTestTests;
			productReference = 1E6F70EE2B72C847001A0630 /* SeniorProjectTestTests.xctest */;
			productType = "com.apple.product-type.bundle.unit-test";
		};
		1E6F70F72B72C847001A0630 /* SeniorProjectTestUITests */ = {
			isa = PBXNativeTarget;
			buildConfigurationList = 1E6F71082B72C847001A0630 /* Build configuration list for PBXNativeTarget "SeniorProjectTestUITests" */;
			buildPhases = (
				1E6F70F42B72C847001A0630 /* Sources */,
				1E6F70F52B72C847001A0630 /* Frameworks */,
				1E6F70F62B72C847001A0630 /* Resources */,
			);
			buildRules = (
			);
			dependencies = (
				1E6F70FA2B72C847001A0630 /* PBXTargetDependency */,
			);
			name = SeniorProjectTestUITests;
			productName = SeniorProjectTestUITests;
			productReference = 1E6F70F82B72C847001A0630 /* SeniorProjectTestUITests.xctest */;
			productType = "com.apple.product-type.bundle.ui-testing";
		};
/* End PBXNativeTarget section */

/* Begin PBXProject section */
		1E6F70D62B72C83E001A0630 /* Project object */ = {
			isa = PBXProject;
			attributes = {
				BuildIndependentTargetsInParallel = 1;
				LastSwiftUpdateCheck = 1520;
				LastUpgradeCheck = 1520;
				TargetAttributes = {
					1E6F70DD2B72C83E001A0630 = {
						CreatedOnToolsVersion = 15.2;
						LastSwiftMigration = 1520;
					};
					1E6F70ED2B72C847001A0630 = {
						CreatedOnToolsVersion = 15.2;
						TestTargetID = 1E6F70DD2B72C83E001A0630;
					};
					1E6F70F72B72C847001A0630 = {
						CreatedOnToolsVersion = 15.2;
						TestTargetID = 1E6F70DD2B72C83E001A0630;
					};
				};
			};
			buildConfigurationList = 1E6F70D92B72C83E001A0630 /* Build configuration list for PBXProject "SeniorProjectTest" */;
			compatibilityVersion = "Xcode 14.0";
			developmentRegion = en;
			hasScannedForEncodings = 0;
			knownRegions = (
				en,
				Base,
			);
			mainGroup = 1E6F70D52B72C83E001A0630;
			packageReferences = (
				1E868A672B8812090064C139 /* XCRemoteSwiftPackageReference "SQLite.swift" */,
				1E8CDA0F2BAF53BF00938929 /* XCRemoteSwiftPackageReference "SideMenu" */,
				1E97B3FB2BC21C1E0019F4D9 /* XCRemoteSwiftPackageReference "PythonKit" */,
			);
			productRefGroup = 1E6F70DF2B72C83E001A0630 /* Products */;
			projectDirPath = "";
			projectRoot = "";
			targets = (
				1E6F70DD2B72C83E001A0630 /* SeniorProjectTest */,
				1E6F70ED2B72C847001A0630 /* SeniorProjectTestTests */,
				1E6F70F72B72C847001A0630 /* SeniorProjectTestUITests */,
			);
		};
/* End PBXProject section */

/* Begin PBXResourcesBuildPhase section */
		1E6F70DC2B72C83E001A0630 /* Resources */ = {
			isa = PBXResourcesBuildPhase;
			buildActionMask = 2147483647;
			files = (
				1E6F70E92B72C846001A0630 /* Preview Assets.xcassets in Resources */,
				1E868A732B8A7E8C0064C139 /* mydatabase.db in Resources */,
				1E6F70E62B72C846001A0630 /* Assets.xcassets in Resources */,
				1E868A712B8A7C1E0064C139 /* mydatabase.sql in Resources */,
			);
			runOnlyForDeploymentPostprocessing = 0;
		};
		1E6F70EC2B72C847001A0630 /* Resources */ = {
			isa = PBXResourcesBuildPhase;
			buildActionMask = 2147483647;
			files = (
			);
			runOnlyForDeploymentPostprocessing = 0;
		};
		1E6F70F62B72C847001A0630 /* Resources */ = {
			isa = PBXResourcesBuildPhase;
			buildActionMask = 2147483647;
			files = (
			);
			runOnlyForDeploymentPostprocessing = 0;
		};
/* End PBXResourcesBuildPhase section */

/* Begin PBXSourcesBuildPhase section */
		1E6F70DA2B72C83E001A0630 /* Sources */ = {
			isa = PBXSourcesBuildPhase;
			buildActionMask = 2147483647;
			files = (
				1E868A6D2B8A539F0064C139 /* SQL_DB_Test.swift in Sources */,
				1EFCAD782BB0BF350036794B /* SideMenuHeaderView.swift in Sources */,
				1E868AB62B8A8F9B0064C139 /* HomeScreen.swift in Sources */,
				1EFCAD742BB0757B0036794B /* PickTwo.swift in Sources */,
				1E6F70E42B72C83E001A0630 /* ContentView.swift in Sources */,
				1EFCAD822BB0E3FA0036794B /* Settings.swift in Sources */,
				1EFCAD702BAF6A6C0036794B /* Food_Item.swift in Sources */,
				1EFCAD7E2BB0E11D0036794B /* InfoScreen.swift in Sources */,
				1E6F70E22B72C83E001A0630 /* SeniorProjectTestApp.swift in Sources */,
				1EFCAD722BAF6EC00036794B /* InfoRow.swift in Sources */,
				1E97B3FA2BC21BC00019F4D9 /* FP_Calculations.swift in Sources */,
				1E8CDA0E2BAF516D00938929 /* Burgers.swift in Sources */,
				1EFCAD842BB0F3D60036794B /* ComparisonCalc.swift in Sources */,
				1EFCAD762BB0B8040036794B /* SideMenuScreen.swift in Sources */,
				1E868AB82B8A93840064C139 /* SignInScreen.swift in Sources */,
				1EFCAD7C2BB0DF630036794B /* CartCalc.swift in Sources */,
				1EFCAD7A2BB0CFE40036794B /* SideMenuRow.swift in Sources */,
				1ECCB9C82C7912EC00BC48E4 /* InfoScreenView.swift in Sources */,
				1E8CDA172BAF5E8200938929 /* MenuRow.swift in Sources */,
				1EFCAD802BB0E1D50036794B /* Dashboard.swift in Sources */,
				1E8B6B922BCB492200475DA1 /* User.swift in Sources */,
			);
			runOnlyForDeploymentPostprocessing = 0;
		};
		1E6F70EA2B72C847001A0630 /* Sources */ = {
			isa = PBXSourcesBuildPhase;
			buildActionMask = 2147483647;
			files = (
				1E6F70F32B72C847001A0630 /* SeniorProjectTestTests.swift in Sources */,
			);
			runOnlyForDeploymentPostprocessing = 0;
		};
		1E6F70F42B72C847001A0630 /* Sources */ = {
			isa = PBXSourcesBuildPhase;
			buildActionMask = 2147483647;
			files = (
				1E6F70FF2B72C847001A0630 /* SeniorProjectTestUITestsLaunchTests.swift in Sources */,
				1E6F70FD2B72C847001A0630 /* SeniorProjectTestUITests.swift in Sources */,
			);
			runOnlyForDeploymentPostprocessing = 0;
		};
/* End PBXSourcesBuildPhase section */

/* Begin PBXTargetDependency section */
		1E6F70F02B72C847001A0630 /* PBXTargetDependency */ = {
			isa = PBXTargetDependency;
			target = 1E6F70DD2B72C83E001A0630 /* SeniorProjectTest */;
			targetProxy = 1E6F70EF2B72C847001A0630 /* PBXContainerItemProxy */;
		};
		1E6F70FA2B72C847001A0630 /* PBXTargetDependency */ = {
			isa = PBXTargetDependency;
			target = 1E6F70DD2B72C83E001A0630 /* SeniorProjectTest */;
			targetProxy = 1E6F70F92B72C847001A0630 /* PBXContainerItemProxy */;
		};
/* End PBXTargetDependency section */

/* Begin XCBuildConfiguration section */
		1E6F71002B72C847001A0630 /* Debug */ = {
			isa = XCBuildConfiguration;
			buildSettings = {
				ALWAYS_SEARCH_USER_PATHS = NO;
				ASSETCATALOG_COMPILER_GENERATE_SWIFT_ASSET_SYMBOL_EXTENSIONS = YES;
				CLANG_ANALYZER_NONNULL = YES;
				CLANG_ANALYZER_NUMBER_OBJECT_CONVERSION = YES_AGGRESSIVE;
				CLANG_CXX_LANGUAGE_STANDARD = "gnu++20";
				CLANG_ENABLE_MODULES = YES;
				CLANG_ENABLE_OBJC_ARC = YES;
				CLANG_ENABLE_OBJC_WEAK = YES;
				CLANG_WARN_BLOCK_CAPTURE_AUTORELEASING = YES;
				CLANG_WARN_BOOL_CONVERSION = YES;
				CLANG_WARN_COMMA = YES;
				CLANG_WARN_CONSTANT_CONVERSION = YES;
				CLANG_WARN_DEPRECATED_OBJC_IMPLEMENTATIONS = YES;
				CLANG_WARN_DIRECT_OBJC_ISA_USAGE = YES_ERROR;
				CLANG_WARN_DOCUMENTATION_COMMENTS = YES;
				CLANG_WARN_EMPTY_BODY = YES;
				CLANG_WARN_ENUM_CONVERSION = YES;
				CLANG_WARN_INFINITE_RECURSION = YES;
				CLANG_WARN_INT_CONVERSION = YES;
				CLANG_WARN_NON_LITERAL_NULL_CONVERSION = YES;
				CLANG_WARN_OBJC_IMPLICIT_RETAIN_SELF = YES;
				CLANG_WARN_OBJC_LITERAL_CONVERSION = YES;
				CLANG_WARN_OBJC_ROOT_CLASS = YES_ERROR;
				CLANG_WARN_QUOTED_INCLUDE_IN_FRAMEWORK_HEADER = YES;
				CLANG_WARN_RANGE_LOOP_ANALYSIS = YES;
				CLANG_WARN_STRICT_PROTOTYPES = YES;
				CLANG_WARN_SUSPICIOUS_MOVE = YES;
				CLANG_WARN_UNGUARDED_AVAILABILITY = YES_AGGRESSIVE;
				CLANG_WARN_UNREACHABLE_CODE = YES;
				CLANG_WARN__DUPLICATE_METHOD_MATCH = YES;
				COPY_PHASE_STRIP = NO;
				DEBUG_INFORMATION_FORMAT = dwarf;
				ENABLE_STRICT_OBJC_MSGSEND = YES;
				ENABLE_TESTABILITY = YES;
				ENABLE_USER_SCRIPT_SANDBOXING = YES;
				GCC_C_LANGUAGE_STANDARD = gnu17;
				GCC_DYNAMIC_NO_PIC = NO;
				GCC_NO_COMMON_BLOCKS = YES;
				GCC_OPTIMIZATION_LEVEL = 0;
				GCC_PREPROCESSOR_DEFINITIONS = (
					"DEBUG=1",
					"$(inherited)",
				);
				GCC_WARN_64_TO_32_BIT_CONVERSION = YES;
				GCC_WARN_ABOUT_RETURN_TYPE = YES_ERROR;
				GCC_WARN_UNDECLARED_SELECTOR = YES;
				GCC_WARN_UNINITIALIZED_AUTOS = YES_AGGRESSIVE;
				GCC_WARN_UNUSED_FUNCTION = YES;
				GCC_WARN_UNUSED_VARIABLE = YES;
				IPHONEOS_DEPLOYMENT_TARGET = 17.2;
				LOCALIZATION_PREFERS_STRING_CATALOGS = YES;
				MTL_ENABLE_DEBUG_INFO = INCLUDE_SOURCE;
				MTL_FAST_MATH = YES;
				ONLY_ACTIVE_ARCH = YES;
				SDKROOT = iphoneos;
				SWIFT_ACTIVE_COMPILATION_CONDITIONS = "DEBUG $(inherited)";
				SWIFT_OPTIMIZATION_LEVEL = "-Onone";
			};
			name = Debug;
		};
		1E6F71012B72C847001A0630 /* Release */ = {
			isa = XCBuildConfiguration;
			buildSettings = {
				ALWAYS_SEARCH_USER_PATHS = NO;
				ASSETCATALOG_COMPILER_GENERATE_SWIFT_ASSET_SYMBOL_EXTENSIONS = YES;
				CLANG_ANALYZER_NONNULL = YES;
				CLANG_ANALYZER_NUMBER_OBJECT_CONVERSION = YES_AGGRESSIVE;
				CLANG_CXX_LANGUAGE_STANDARD = "gnu++20";
				CLANG_ENABLE_MODULES = YES;
				CLANG_ENABLE_OBJC_ARC = YES;
				CLANG_ENABLE_OBJC_WEAK = YES;
				CLANG_WARN_BLOCK_CAPTURE_AUTORELEASING = YES;
				CLANG_WARN_BOOL_CONVERSION = YES;
				CLANG_WARN_COMMA = YES;
				CLANG_WARN_CONSTANT_CONVERSION = YES;
				CLANG_WARN_DEPRECATED_OBJC_IMPLEMENTATIONS = YES;
				CLANG_WARN_DIRECT_OBJC_ISA_USAGE = YES_ERROR;
				CLANG_WARN_DOCUMENTATION_COMMENTS = YES;
				CLANG_WARN_EMPTY_BODY = YES;
				CLANG_WARN_ENUM_CONVERSION = YES;
				CLANG_WARN_INFINITE_RECURSION = YES;
				CLANG_WARN_INT_CONVERSION = YES;
				CLANG_WARN_NON_LITERAL_NULL_CONVERSION = YES;
				CLANG_WARN_OBJC_IMPLICIT_RETAIN_SELF = YES;
				CLANG_WARN_OBJC_LITERAL_CONVERSION = YES;
				CLANG_WARN_OBJC_ROOT_CLASS = YES_ERROR;
				CLANG_WARN_QUOTED_INCLUDE_IN_FRAMEWORK_HEADER = YES;
				CLANG_WARN_RANGE_LOOP_ANALYSIS = YES;
				CLANG_WARN_STRICT_PROTOTYPES = YES;
				CLANG_WARN_SUSPICIOUS_MOVE = YES;
				CLANG_WARN_UNGUARDED_AVAILABILITY = YES_AGGRESSIVE;
				CLANG_WARN_UNREACHABLE_CODE = YES;
				CLANG_WARN__DUPLICATE_METHOD_MATCH = YES;
				COPY_PHASE_STRIP = NO;
				DEBUG_INFORMATION_FORMAT = "dwarf-with-dsym";
				ENABLE_NS_ASSERTIONS = NO;
				ENABLE_STRICT_OBJC_MSGSEND = YES;
				ENABLE_USER_SCRIPT_SANDBOXING = YES;
				GCC_C_LANGUAGE_STANDARD = gnu17;
				GCC_NO_COMMON_BLOCKS = YES;
				GCC_WARN_64_TO_32_BIT_CONVERSION = YES;
				GCC_WARN_ABOUT_RETURN_TYPE = YES_ERROR;
				GCC_WARN_UNDECLARED_SELECTOR = YES;
				GCC_WARN_UNINITIALIZED_AUTOS = YES_AGGRESSIVE;
				GCC_WARN_UNUSED_FUNCTION = YES;
				GCC_WARN_UNUSED_VARIABLE = YES;
				IPHONEOS_DEPLOYMENT_TARGET = 17.2;
				LOCALIZATION_PREFERS_STRING_CATALOGS = YES;
				MTL_ENABLE_DEBUG_INFO = NO;
				MTL_FAST_MATH = YES;
				SDKROOT = iphoneos;
				SWIFT_COMPILATION_MODE = wholemodule;
				VALIDATE_PRODUCT = YES;
			};
			name = Release;
		};
		1E6F71032B72C847001A0630 /* Debug */ = {
			isa = XCBuildConfiguration;
			buildSettings = {
				ASSETCATALOG_COMPILER_APPICON_NAME = AppIcon;
				ASSETCATALOG_COMPILER_GLOBAL_ACCENT_COLOR_NAME = AccentColor;
				CLANG_ENABLE_MODULES = YES;
				CODE_SIGN_STYLE = Automatic;
				CURRENT_PROJECT_VERSION = 1;
				DEVELOPMENT_ASSET_PATHS = "\"SeniorProjectTest/Preview Content\"";
				DEVELOPMENT_TEAM = Z873PSDXT2;
				ENABLE_PREVIEWS = YES;
				GENERATE_INFOPLIST_FILE = NO;
				INFOPLIST_KEY_UIApplicationSceneManifest_Generation = YES;
				INFOPLIST_KEY_UIApplicationSupportsIndirectInputEvents = YES;
				INFOPLIST_KEY_UILaunchScreen_Generation = YES;
				INFOPLIST_KEY_UISupportedInterfaceOrientations_iPad = "UIInterfaceOrientationPortrait UIInterfaceOrientationPortraitUpsideDown UIInterfaceOrientationLandscapeLeft UIInterfaceOrientationLandscapeRight";
				INFOPLIST_KEY_UISupportedInterfaceOrientations_iPhone = "UIInterfaceOrientationPortrait UIInterfaceOrientationLandscapeLeft UIInterfaceOrientationLandscapeRight";
				LD_RUNPATH_SEARCH_PATHS = (
					"$(inherited)",
					"@executable_path/Frameworks",
				);
				MARKETING_VERSION = 1.0;
				PRODUCT_BUNDLE_IDENTIFIER = gabi.SeniorProjectTest;
				PRODUCT_NAME = "$(TARGET_NAME)";
				SWIFT_EMIT_LOC_STRINGS = YES;
				SWIFT_OBJC_BRIDGING_HEADER = "SeniorProjectTest/SeniorProjectTest-Bridging-Header.h";
				SWIFT_OPTIMIZATION_LEVEL = "-Onone";
				SWIFT_VERSION = 5.0;
				TARGETED_DEVICE_FAMILY = "1,2";
			};
			name = Debug;
		};
		1E6F71042B72C847001A0630 /* Release */ = {
			isa = XCBuildConfiguration;
			buildSettings = {
				ASSETCATALOG_COMPILER_APPICON_NAME = AppIcon;
				ASSETCATALOG_COMPILER_GLOBAL_ACCENT_COLOR_NAME = AccentColor;
				CLANG_ENABLE_MODULES = YES;
				CODE_SIGN_STYLE = Automatic;
				CURRENT_PROJECT_VERSION = 1;
				DEVELOPMENT_ASSET_PATHS = "\"SeniorProjectTest/Preview Content\"";
				DEVELOPMENT_TEAM = Z873PSDXT2;
				ENABLE_PREVIEWS = YES;
				GENERATE_INFOPLIST_FILE = NO;
				INFOPLIST_KEY_UIApplicationSceneManifest_Generation = YES;
				INFOPLIST_KEY_UIApplicationSupportsIndirectInputEvents = YES;
				INFOPLIST_KEY_UILaunchScreen_Generation = YES;
				INFOPLIST_KEY_UISupportedInterfaceOrientations_iPad = "UIInterfaceOrientationPortrait UIInterfaceOrientationPortraitUpsideDown UIInterfaceOrientationLandscapeLeft UIInterfaceOrientationLandscapeRight";
				INFOPLIST_KEY_UISupportedInterfaceOrientations_iPhone = "UIInterfaceOrientationPortrait UIInterfaceOrientationLandscapeLeft UIInterfaceOrientationLandscapeRight";
				LD_RUNPATH_SEARCH_PATHS = (
					"$(inherited)",
					"@executable_path/Frameworks",
				);
				MARKETING_VERSION = 1.0;
				PRODUCT_BUNDLE_IDENTIFIER = gabi.SeniorProjectTest;
				PRODUCT_NAME = "$(TARGET_NAME)";
				SWIFT_EMIT_LOC_STRINGS = YES;
				SWIFT_OBJC_BRIDGING_HEADER = "SeniorProjectTest/SeniorProjectTest-Bridging-Header.h";
				SWIFT_VERSION = 5.0;
				TARGETED_DEVICE_FAMILY = "1,2";
			};
			name = Release;
		};
		1E6F71062B72C847001A0630 /* Debug */ = {
			isa = XCBuildConfiguration;
			buildSettings = {
				ALWAYS_EMBED_SWIFT_STANDARD_LIBRARIES = YES;
				BUNDLE_LOADER = "$(TEST_HOST)";
				CODE_SIGN_STYLE = Automatic;
				CURRENT_PROJECT_VERSION = 1;
				GENERATE_INFOPLIST_FILE = YES;
				IPHONEOS_DEPLOYMENT_TARGET = 17.2;
				MARKETING_VERSION = 1.0;
				PRODUCT_BUNDLE_IDENTIFIER = gabi.SeniorProjectTestTests;
				PRODUCT_NAME = "$(TARGET_NAME)";
				SWIFT_EMIT_LOC_STRINGS = NO;
				SWIFT_VERSION = 5.0;
				TARGETED_DEVICE_FAMILY = "1,2";
				TEST_HOST = "$(BUILT_PRODUCTS_DIR)/SeniorProjectTest.app/$(BUNDLE_EXECUTABLE_FOLDER_PATH)/SeniorProjectTest";
			};
			name = Debug;
		};
		1E6F71072B72C847001A0630 /* Release */ = {
			isa = XCBuildConfiguration;
			buildSettings = {
				ALWAYS_EMBED_SWIFT_STANDARD_LIBRARIES = YES;
				BUNDLE_LOADER = "$(TEST_HOST)";
				CODE_SIGN_STYLE = Automatic;
				CURRENT_PROJECT_VERSION = 1;
				GENERATE_INFOPLIST_FILE = YES;
				IPHONEOS_DEPLOYMENT_TARGET = 17.2;
				MARKETING_VERSION = 1.0;
				PRODUCT_BUNDLE_IDENTIFIER = gabi.SeniorProjectTestTests;
				PRODUCT_NAME = "$(TARGET_NAME)";
				SWIFT_EMIT_LOC_STRINGS = NO;
				SWIFT_VERSION = 5.0;
				TARGETED_DEVICE_FAMILY = "1,2";
				TEST_HOST = "$(BUILT_PRODUCTS_DIR)/SeniorProjectTest.app/$(BUNDLE_EXECUTABLE_FOLDER_PATH)/SeniorProjectTest";
			};
			name = Release;
		};
		1E6F71092B72C847001A0630 /* Debug */ = {
			isa = XCBuildConfiguration;
			buildSettings = {
				ALWAYS_EMBED_SWIFT_STANDARD_LIBRARIES = YES;
				CODE_SIGN_STYLE = Automatic;
				CURRENT_PROJECT_VERSION = 1;
				GENERATE_INFOPLIST_FILE = YES;
				MARKETING_VERSION = 1.0;
				PRODUCT_BUNDLE_IDENTIFIER = gabi.SeniorProjectTestUITests;
				PRODUCT_NAME = "$(TARGET_NAME)";
				SWIFT_EMIT_LOC_STRINGS = NO;
				SWIFT_VERSION = 5.0;
				TARGETED_DEVICE_FAMILY = "1,2";
				TEST_TARGET_NAME = SeniorProjectTest;
			};
			name = Debug;
		};
		1E6F710A2B72C847001A0630 /* Release */ = {
			isa = XCBuildConfiguration;
			buildSettings = {
				ALWAYS_EMBED_SWIFT_STANDARD_LIBRARIES = YES;
				CODE_SIGN_STYLE = Automatic;
				CURRENT_PROJECT_VERSION = 1;
				GENERATE_INFOPLIST_FILE = YES;
				MARKETING_VERSION = 1.0;
				PRODUCT_BUNDLE_IDENTIFIER = gabi.SeniorProjectTestUITests;
				PRODUCT_NAME = "$(TARGET_NAME)";
				SWIFT_EMIT_LOC_STRINGS = NO;
				SWIFT_VERSION = 5.0;
				TARGETED_DEVICE_FAMILY = "1,2";
				TEST_TARGET_NAME = SeniorProjectTest;
			};
			name = Release;
		};
/* End XCBuildConfiguration section */

/* Begin XCConfigurationList section */
		1E6F70D92B72C83E001A0630 /* Build configuration list for PBXProject "SeniorProjectTest" */ = {
			isa = XCConfigurationList;
			buildConfigurations = (
				1E6F71002B72C847001A0630 /* Debug */,
				1E6F71012B72C847001A0630 /* Release */,
			);
			defaultConfigurationIsVisible = 0;
			defaultConfigurationName = Release;
		};
		1E6F71022B72C847001A0630 /* Build configuration list for PBXNativeTarget "SeniorProjectTest" */ = {
			isa = XCConfigurationList;
			buildConfigurations = (
				1E6F71032B72C847001A0630 /* Debug */,
				1E6F71042B72C847001A0630 /* Release */,
			);
			defaultConfigurationIsVisible = 0;
			defaultConfigurationName = Release;
		};
		1E6F71052B72C847001A0630 /* Build configuration list for PBXNativeTarget "SeniorProjectTestTests" */ = {
			isa = XCConfigurationList;
			buildConfigurations = (
				1E6F71062B72C847001A0630 /* Debug */,
				1E6F71072B72C847001A0630 /* Release */,
			);
			defaultConfigurationIsVisible = 0;
			defaultConfigurationName = Release;
		};
		1E6F71082B72C847001A0630 /* Build configuration list for PBXNativeTarget "SeniorProjectTestUITests" */ = {
			isa = XCConfigurationList;
			buildConfigurations = (
				1E6F71092B72C847001A0630 /* Debug */,
				1E6F710A2B72C847001A0630 /* Release */,
			);
			defaultConfigurationIsVisible = 0;
			defaultConfigurationName = Release;
		};
/* End XCConfigurationList section */

/* Begin XCRemoteSwiftPackageReference section */
		1E868A672B8812090064C139 /* XCRemoteSwiftPackageReference "SQLite.swift" */ = {
			isa = XCRemoteSwiftPackageReference;
			repositoryURL = "https://github.com/stephencelis/SQLite.swift.git";
			requirement = {
				kind = upToNextMajorVersion;
				minimumVersion = 0.14.1;
			};
		};
		1E8CDA0F2BAF53BF00938929 /* XCRemoteSwiftPackageReference "SideMenu" */ = {
			isa = XCRemoteSwiftPackageReference;
			repositoryURL = "https://github.com/kukushi/SideMenu.git";
			requirement = {
				kind = upToNextMajorVersion;
				minimumVersion = 2.1.1;
			};
		};
		1E97B3FB2BC21C1E0019F4D9 /* XCRemoteSwiftPackageReference "PythonKit" */ = {
			isa = XCRemoteSwiftPackageReference;
			repositoryURL = "https://github.com/pvieito/PythonKit.git";
			requirement = {
				branch = master;
				kind = branch;
			};
		};
/* End XCRemoteSwiftPackageReference section */

/* Begin XCSwiftPackageProductDependency section */
		1E868A682B8812090064C139 /* SQLite */ = {
			isa = XCSwiftPackageProductDependency;
			package = 1E868A672B8812090064C139 /* XCRemoteSwiftPackageReference "SQLite.swift" */;
			productName = SQLite;
		};
		1E8CDA102BAF53BF00938929 /* SideMenu */ = {
			isa = XCSwiftPackageProductDependency;
			package = 1E8CDA0F2BAF53BF00938929 /* XCRemoteSwiftPackageReference "SideMenu" */;
			productName = SideMenu;
		};
		1E97B3FC2BC21C1E0019F4D9 /* PythonKit */ = {
			isa = XCSwiftPackageProductDependency;
			package = 1E97B3FB2BC21C1E0019F4D9 /* XCRemoteSwiftPackageReference "PythonKit" */;
			productName = PythonKit;
		};
/* End XCSwiftPackageProductDependency section */
	};
	rootObject = 1E6F70D62B72C83E001A0630 /* Project object */;
}
